
Microsoft Visual Studio Solution File, Format Version 12.00
# Visual Studio 2013
VisualStudioVersion = 12.0.31101.0
MinimumVisualStudioVersion = 10.0.40219.1
Project("{FAE04EC0-301F-11D3-BF4B-00C04F79EFBC}") = "FlagMySpace.iOS", "FlagMySpace\FlagMySpace.iOS\FlagMySpace.iOS.csproj", "{7C963662-FEBC-45AB-83F1-40FA6B2ABF8D}"
EndProject
Project("{FAE04EC0-301F-11D3-BF4B-00C04F79EFBC}") = "FlagMySpace.Droid", "FlagMySpace\FlagMySpace.Droid\FlagMySpace.Droid.csproj", "{A421E59C-F266-4601-ACA1-F047B00D3927}"
EndProject
Project("{FAE04EC0-301F-11D3-BF4B-00C04F79EFBC}") = "FlagMySpace.WinPhone", "FlagMySpace\FlagMySpace.WinPhone\FlagMySpace.WinPhone.csproj", "{9D02C26E-F083-49C4-B7E1-AA19E1FC967A}"
EndProject
Project("{2150E333-8FDC-42A3-9474-1A3956D46DE8}") = ".nuget", ".nuget", "{C2C6B55C-931F-43D6-97F5-728977FE4F41}"
	ProjectSection(SolutionItems) = preProject
		.nuget\NuGet.Config = .nuget\NuGet.Config
		.nuget\NuGet.exe = .nuget\NuGet.exe
		.nuget\NuGet.targets = .nuget\NuGet.targets
	EndProjectSection
EndProject
Project("{D954291E-2A0B-460D-934E-DC6B0785DB48}") = "FlagMySpace.Shared", "FlagMySpace\FlagMySpace.Shared\FlagMySpace.Shared.shproj", "{E79DB3AB-9CAA-4A42-876E-2D2FE6913DED}"
EndProject
Global
	GlobalSection(SharedMSBuildProjectFiles) = preSolution
		FlagMySpace\FlagMySpace.Shared\FlagMySpace.Shared.projitems*{a421e59c-f266-4601-aca1-f047b00d3927}*SharedItemsImports = 4
		FlagMySpace\FlagMySpace.Shared\FlagMySpace.Shared.projitems*{7c963662-febc-45ab-83f1-40fa6b2abf8d}*SharedItemsImports = 4
		FlagMySpace\FlagMySpace.Shared\FlagMySpace.Shared.projitems*{9d02c26e-f083-49c4-b7e1-aa19e1fc967a}*SharedItemsImports = 4
		FlagMySpace\FlagMySpace.Shared\FlagMySpace.Shared.projitems*{e79db3ab-9caa-4a42-876e-2d2fe6913ded}*SharedItemsImports = 13
	EndGlobalSection
	GlobalSection(SolutionConfigurationPlatforms) = preSolution
		Ad-Hoc|Any CPU = Ad-Hoc|Any CPU
		Ad-Hoc|ARM = Ad-Hoc|ARM
		Ad-Hoc|iPhone = Ad-Hoc|iPhone
		Ad-Hoc|iPhoneSimulator = Ad-Hoc|iPhoneSimulator
		Ad-Hoc|Mixed Platforms = Ad-Hoc|Mixed Platforms
		Ad-Hoc|x86 = Ad-Hoc|x86
		AppStore|Any CPU = AppStore|Any CPU
		AppStore|ARM = AppStore|ARM
		AppStore|iPhone = AppStore|iPhone
		AppStore|iPhoneSimulator = AppStore|iPhoneSimulator
		AppStore|Mixed Platforms = AppStore|Mixed Platforms
		AppStore|x86 = AppStore|x86
		Debug|Any CPU = Debug|Any CPU
		Debug|ARM = Debug|ARM
		Debug|iPhone = Debug|iPhone
		Debug|iPhoneSimulator = Debug|iPhoneSimulator
		Debug|Mixed Platforms = Debug|Mixed Platforms
		Debug|x86 = Debug|x86
		Release|Any CPU = Release|Any CPU
		Release|ARM = Release|ARM
		Release|iPhone = Release|iPhone
		Release|iPhoneSimulator = Release|iPhoneSimulator
		Release|Mixed Platforms = Release|Mixed Platforms
		Release|x86 = Release|x86
	EndGlobalSection
	GlobalSection(ProjectConfigurationPlatforms) = postSolution
		{7C963662-FEBC-45AB-83F1-40FA6B2ABF8D}.Ad-Hoc|Any CPU.ActiveCfg = Ad-Hoc|iPhone
		{7C963662-FEBC-45AB-83F1-40FA6B2ABF8D}.Ad-Hoc|ARM.ActiveCfg = Ad-Hoc|iPhone
		{7C963662-FEBC-45AB-83F1-40FA6B2ABF8D}.Ad-Hoc|iPhone.ActiveCfg = Ad-Hoc|iPhone
		{7C963662-FEBC-45AB-83F1-40FA6B2ABF8D}.Ad-Hoc|iPhone.Build.0 = Ad-Hoc|iPhone
		{7C963662-FEBC-45AB-83F1-40FA6B2ABF8D}.Ad-Hoc|iPhoneSimulator.ActiveCfg = Ad-Hoc|iPhoneSimulator
		{7C963662-FEBC-45AB-83F1-40FA6B2ABF8D}.Ad-Hoc|iPhoneSimulator.Build.0 = Ad-Hoc|iPhoneSimulator
		{7C963662-FEBC-45AB-83F1-40FA6B2ABF8D}.Ad-Hoc|Mixed Platforms.ActiveCfg = Ad-Hoc|iPhone
		{7C963662-FEBC-45AB-83F1-40FA6B2ABF8D}.Ad-Hoc|Mixed Platforms.Build.0 = Ad-Hoc|iPhone
		{7C963662-FEBC-45AB-83F1-40FA6B2ABF8D}.Ad-Hoc|x86.ActiveCfg = Ad-Hoc|iPhone
		{7C963662-FEBC-45AB-83F1-40FA6B2ABF8D}.AppStore|Any CPU.ActiveCfg = AppStore|iPhone
		{7C963662-FEBC-45AB-83F1-40FA6B2ABF8D}.AppStore|ARM.ActiveCfg = AppStore|iPhone
		{7C963662-FEBC-45AB-83F1-40FA6B2ABF8D}.AppStore|iPhone.ActiveCfg = AppStore|iPhone
		{7C963662-FEBC-45AB-83F1-40FA6B2ABF8D}.AppStore|iPhone.Build.0 = AppStore|iPhone
		{7C963662-FEBC-45AB-83F1-40FA6B2ABF8D}.AppStore|iPhoneSimulator.ActiveCfg = AppStore|iPhoneSimulator
		{7C963662-FEBC-45AB-83F1-40FA6B2ABF8D}.AppStore|iPhoneSimulator.Build.0 = AppStore|iPhoneSimulator
		{7C963662-FEBC-45AB-83F1-40FA6B2ABF8D}.AppStore|Mixed Platforms.ActiveCfg = AppStore|iPhone
		{7C963662-FEBC-45AB-83F1-40FA6B2ABF8D}.AppStore|Mixed Platforms.Build.0 = AppStore|iPhone
		{7C963662-FEBC-45AB-83F1-40FA6B2ABF8D}.AppStore|x86.ActiveCfg = AppStore|iPhone
		{7C963662-FEBC-45AB-83F1-40FA6B2ABF8D}.Debug|Any CPU.ActiveCfg = Debug|iPhone
		{7C963662-FEBC-45AB-83F1-40FA6B2ABF8D}.Debug|ARM.ActiveCfg = Debug|iPhone
		{7C963662-FEBC-45AB-83F1-40FA6B2ABF8D}.Debug|iPhone.ActiveCfg = Debug|iPhone
		{7C963662-FEBC-45AB-83F1-40FA6B2ABF8D}.Debug|iPhone.Build.0 = Debug|iPhone
		{7C963662-FEBC-45AB-83F1-40FA6B2ABF8D}.Debug|iPhoneSimulator.ActiveCfg = Debug|iPhoneSimulator
		{7C963662-FEBC-45AB-83F1-40FA6B2ABF8D}.Debug|iPhoneSimulator.Build.0 = Debug|iPhoneSimulator
		{7C963662-FEBC-45AB-83F1-40FA6B2ABF8D}.Debug|Mixed Platforms.ActiveCfg = Debug|iPhone
		{7C963662-FEBC-45AB-83F1-40FA6B2ABF8D}.Debug|Mixed Platforms.Build.0 = Debug|iPhone
		{7C963662-FEBC-45AB-83F1-40FA6B2ABF8D}.Debug|x86.ActiveCfg = Debug|iPhone
		{7C963662-FEBC-45AB-83F1-40FA6B2ABF8D}.Release|Any CPU.ActiveCfg = Release|iPhone
		{7C963662-FEBC-45AB-83F1-40FA6B2ABF8D}.Release|ARM.ActiveCfg = Release|iPhone
		{7C963662-FEBC-45AB-83F1-40FA6B2ABF8D}.Release|iPhone.ActiveCfg = Release|iPhone
		{7C963662-FEBC-45AB-83F1-40FA6B2ABF8D}.Release|iPhone.Build.0 = Release|iPhone
		{7C963662-FEBC-45AB-83F1-40FA6B2ABF8D}.Release|iPhoneSimulator.ActiveCfg = Release|iPhoneSimulator
		{7C963662-FEBC-45AB-83F1-40FA6B2ABF8D}.Release|iPhoneSimulator.Build.0 = Release|iPhoneSimulator
		{7C963662-FEBC-45AB-83F1-40FA6B2ABF8D}.Release|Mixed Platforms.ActiveCfg = Release|iPhone
		{7C963662-FEBC-45AB-83F1-40FA6B2ABF8D}.Release|Mixed Platforms.Build.0 = Release|iPhone
		{7C963662-FEBC-45AB-83F1-40FA6B2ABF8D}.Release|x86.ActiveCfg = Release|iPhone
		{A421E59C-F266-4601-ACA1-F047B00D3927}.Ad-Hoc|Any CPU.ActiveCfg = Release|Any CPU
		{A421E59C-F266-4601-ACA1-F047B00D3927}.Ad-Hoc|Any CPU.Build.0 = Release|Any CPU
		{A421E59C-F266-4601-ACA1-F047B00D3927}.Ad-Hoc|Any CPU.Deploy.0 = Release|Any CPU
		{A421E59C-F266-4601-ACA1-F047B00D3927}.Ad-Hoc|ARM.ActiveCfg = Release|Any CPU
		{A421E59C-F266-4601-ACA1-F047B00D3927}.Ad-Hoc|iPhone.ActiveCfg = Release|Any CPU
		{A421E59C-F266-4601-ACA1-F047B00D3927}.Ad-Hoc|iPhoneSimulator.ActiveCfg = Release|Any CPU
		{A421E59C-F266-4601-ACA1-F047B00D3927}.Ad-Hoc|Mixed Platforms.ActiveCfg = Release|Any CPU
		{A421E59C-F266-4601-ACA1-F047B00D3927}.Ad-Hoc|Mixed Platforms.Build.0 = Release|Any CPU
		{A421E59C-F266-4601-ACA1-F047B00D3927}.Ad-Hoc|Mixed Platforms.Deploy.0 = Release|Any CPU
		{A421E59C-F266-4601-ACA1-F047B00D3927}.Ad-Hoc|x86.ActiveCfg = Release|Any CPU
		{A421E59C-F266-4601-ACA1-F047B00D3927}.AppStore|Any CPU.ActiveCfg = Release|Any CPU
		{A421E59C-F266-4601-ACA1-F047B00D3927}.AppStore|Any CPU.Build.0 = Release|Any CPU
		{A421E59C-F266-4601-ACA1-F047B00D3927}.AppStore|Any CPU.Deploy.0 = Release|Any CPU
		{A421E59C-F266-4601-ACA1-F047B00D3927}.AppStore|ARM.ActiveCfg = Release|Any CPU
		{A421E59C-F266-4601-ACA1-F047B00D3927}.AppStore|iPhone.ActiveCfg = Release|Any CPU
		{A421E59C-F266-4601-ACA1-F047B00D3927}.AppStore|iPhoneSimulator.ActiveCfg = Release|Any CPU
		{A421E59C-F266-4601-ACA1-F047B00D3927}.AppStore|Mixed Platforms.ActiveCfg = Release|Any CPU
		{A421E59C-F266-4601-ACA1-F047B00D3927}.AppStore|Mixed Platforms.Build.0 = Release|Any CPU
		{A421E59C-F266-4601-ACA1-F047B00D3927}.AppStore|Mixed Platforms.Deploy.0 = Release|Any CPU
		{A421E59C-F266-4601-ACA1-F047B00D3927}.AppStore|x86.ActiveCfg = Release|Any CPU
		{A421E59C-F266-4601-ACA1-F047B00D3927}.Debug|Any CPU.ActiveCfg = Debug|Any CPU
		{A421E59C-F266-4601-ACA1-F047B00D3927}.Debug|Any CPU.Build.0 = Debug|Any CPU
		{A421E59C-F266-4601-ACA1-F047B00D3927}.Debug|Any CPU.Deploy.0 = Debug|Any CPU
		{A421E59C-F266-4601-ACA1-F047B00D3927}.Debug|ARM.ActiveCfg = Debug|Any CPU
		{A421E59C-F266-4601-ACA1-F047B00D3927}.Debug|iPhone.ActiveCfg = Debug|Any CPU
		{A421E59C-F266-4601-ACA1-F047B00D3927}.Debug|iPhoneSimulator.ActiveCfg = Debug|Any CPU
		{A421E59C-F266-4601-ACA1-F047B00D3927}.Debug|Mixed Platforms.ActiveCfg = Debug|Any CPU
		{A421E59C-F266-4601-ACA1-F047B00D3927}.Debug|Mixed Platforms.Build.0 = Debug|Any CPU
		{A421E59C-F266-4601-ACA1-F047B00D3927}.Debug|Mixed Platforms.Deploy.0 = Debug|Any CPU
		{A421E59C-F266-4601-ACA1-F047B00D3927}.Debug|x86.ActiveCfg = Debug|Any CPU
		{A421E59C-F266-4601-ACA1-F047B00D3927}.Release|Any CPU.ActiveCfg = Release|Any CPU
		{A421E59C-F266-4601-ACA1-F047B00D3927}.Release|Any CPU.Build.0 = Release|Any CPU
		{A421E59C-F266-4601-ACA1-F047B00D3927}.Release|Any CPU.Deploy.0 = Release|Any CPU
		{A421E59C-F266-4601-ACA1-F047B00D3927}.Release|ARM.ActiveCfg = Release|Any CPU
		{A421E59C-F266-4601-ACA1-F047B00D3927}.Release|iPhone.ActiveCfg = Release|Any CPU
		{A421E59C-F266-4601-ACA1-F047B00D3927}.Release|iPhoneSimulator.ActiveCfg = Release|Any CPU
		{A421E59C-F266-4601-ACA1-F047B00D3927}.Release|Mixed Platforms.ActiveCfg = Release|Any CPU
		{A421E59C-F266-4601-ACA1-F047B00D3927}.Release|Mixed Platforms.Build.0 = Release|Any CPU
		{A421E59C-F266-4601-ACA1-F047B00D3927}.Release|Mixed Platforms.Deploy.0 = Release|Any CPU
		{A421E59C-F266-4601-ACA1-F047B00D3927}.Release|x86.ActiveCfg = Release|Any CPU
		{9D02C26E-F083-49C4-B7E1-AA19E1FC967A}.Ad-Hoc|Any CPU.ActiveCfg = Release|Any CPU
		{9D02C26E-F083-49C4-B7E1-AA19E1FC967A}.Ad-Hoc|Any CPU.Build.0 = Release|Any CPU
		{9D02C26E-F083-49C4-B7E1-AA19E1FC967A}.Ad-Hoc|Any CPU.Deploy.0 = Release|Any CPU
		{9D02C26E-F083-49C4-B7E1-AA19E1FC967A}.Ad-Hoc|ARM.ActiveCfg = Release|ARM
		{9D02C26E-F083-49C4-B7E1-AA19E1FC967A}.Ad-Hoc|ARM.Build.0 = Release|ARM
		{9D02C26E-F083-49C4-B7E1-AA19E1FC967A}.Ad-Hoc|ARM.Deploy.0 = Release|ARM
		{9D02C26E-F083-49C4-B7E1-AA19E1FC967A}.Ad-Hoc|iPhone.ActiveCfg = Release|Any CPU
		{9D02C26E-F083-49C4-B7E1-AA19E1FC967A}.Ad-Hoc|iPhoneSimulator.ActiveCfg = Release|Any CPU
		{9D02C26E-F083-49C4-B7E1-AA19E1FC967A}.Ad-Hoc|Mixed Platforms.ActiveCfg = Release|x86
		{9D02C26E-F083-49C4-B7E1-AA19E1FC967A}.Ad-Hoc|Mixed Platforms.Build.0 = Release|x86
		{9D02C26E-F083-49C4-B7E1-AA19E1FC967A}.Ad-Hoc|Mixed Platforms.Deploy.0 = Release|x86
		{9D02C26E-F083-49C4-B7E1-AA19E1FC967A}.Ad-Hoc|x86.ActiveCfg = Release|x86
		{9D02C26E-F083-49C4-B7E1-AA19E1FC967A}.Ad-Hoc|x86.Build.0 = Release|x86
		{9D02C26E-F083-49C4-B7E1-AA19E1FC967A}.Ad-Hoc|x86.Deploy.0 = Release|x86
		{9D02C26E-F083-49C4-B7E1-AA19E1FC967A}.AppStore|Any CPU.ActiveCfg = Release|Any CPU
		{9D02C26E-F083-49C4-B7E1-AA19E1FC967A}.AppStore|Any CPU.Build.0 = Release|Any CPU
		{9D02C26E-F083-49C4-B7E1-AA19E1FC967A}.AppStore|Any CPU.Deploy.0 = Release|Any CPU
		{9D02C26E-F083-49C4-B7E1-AA19E1FC967A}.AppStore|ARM.ActiveCfg = Release|ARM
		{9D02C26E-F083-49C4-B7E1-AA19E1FC967A}.AppStore|ARM.Build.0 = Release|ARM
		{9D02C26E-F083-49C4-B7E1-AA19E1FC967A}.AppStore|ARM.Deploy.0 = Release|ARM
		{9D02C26E-F083-49C4-B7E1-AA19E1FC967A}.AppStore|iPhone.ActiveCfg = Release|Any CPU
		{9D02C26E-F083-49C4-B7E1-AA19E1FC967A}.AppStore|iPhoneSimulator.ActiveCfg = Release|Any CPU
		{9D02C26E-F083-49C4-B7E1-AA19E1FC967A}.AppStore|Mixed Platforms.ActiveCfg = Release|x86
		{9D02C26E-F083-49C4-B7E1-AA19E1FC967A}.AppStore|Mixed Platforms.Build.0 = Release|x86
		{9D02C26E-F083-49C4-B7E1-AA19E1FC967A}.AppStore|Mixed Platforms.Deploy.0 = Release|x86
		{9D02C26E-F083-49C4-B7E1-AA19E1FC967A}.AppStore|x86.ActiveCfg = Release|x86
		{9D02C26E-F083-49C4-B7E1-AA19E1FC967A}.AppStore|x86.Build.0 = Release|x86
		{9D02C26E-F083-49C4-B7E1-AA19E1FC967A}.AppStore|x86.Deploy.0 = Release|x86
		{9D02C26E-F083-49C4-B7E1-AA19E1FC967A}.Debug|Any CPU.ActiveCfg = Debug|Any CPU
		{9D02C26E-F083-49C4-B7E1-AA19E1FC967A}.Debug|Any CPU.Build.0 = Debug|Any CPU
		{9D02C26E-F083-49C4-B7E1-AA19E1FC967A}.Debug|Any CPU.Deploy.0 = Debug|Any CPU
		{9D02C26E-F083-49C4-B7E1-AA19E1FC967A}.Debug|ARM.ActiveCfg = Debug|ARM
		{9D02C26E-F083-49C4-B7E1-AA19E1FC967A}.Debug|ARM.Build.0 = Debug|ARM
		{9D02C26E-F083-49C4-B7E1-AA19E1FC967A}.Debug|ARM.Deploy.0 = Debug|ARM
		{9D02C26E-F083-49C4-B7E1-AA19E1FC967A}.Debug|iPhone.ActiveCfg = Debug|Any CPU
		{9D02C26E-F083-49C4-B7E1-AA19E1FC967A}.Debug|iPhoneSimulator.ActiveCfg = Debug|Any CPU
		{9D02C26E-F083-49C4-B7E1-AA19E1FC967A}.Debug|Mixed Platforms.ActiveCfg = Debug|x86
		{9D02C26E-F083-49C4-B7E1-AA19E1FC967A}.Debug|Mixed Platforms.Build.0 = Debug|x86
		{9D02C26E-F083-49C4-B7E1-AA19E1FC967A}.Debug|Mixed Platforms.Deploy.0 = Debug|x86
		{9D02C26E-F083-49C4-B7E1-AA19E1FC967A}.Debug|x86.ActiveCfg = Debug|x86
		{9D02C26E-F083-49C4-B7E1-AA19E1FC967A}.Debug|x86.Build.0 = Debug|x86
		{9D02C26E-F083-49C4-B7E1-AA19E1FC967A}.Debug|x86.Deploy.0 = Debug|x86
		{9D02C26E-F083-49C4-B7E1-AA19E1FC967A}.Release|Any CPU.ActiveCfg = Release|Any CPU
		{9D02C26E-F083-49C4-B7E1-AA19E1FC967A}.Release|Any CPU.Build.0 = Release|Any CPU
		{9D02C26E-F083-49C4-B7E1-AA19E1FC967A}.Release|Any CPU.Deploy.0 = Release|Any CPU
		{9D02C26E-F083-49C4-B7E1-AA19E1FC967A}.Release|ARM.ActiveCfg = Release|ARM
		{9D02C26E-F083-49C4-B7E1-AA19E1FC967A}.Release|ARM.Build.0 = Release|ARM
		{9D02C26E-F083-49C4-B7E1-AA19E1FC967A}.Release|ARM.Deploy.0 = Release|ARM
		{9D02C26E-F083-49C4-B7E1-AA19E1FC967A}.Release|iPhone.ActiveCfg = Release|Any CPU
		{9D02C26E-F083-49C4-B7E1-AA19E1FC967A}.Release|iPhoneSimulator.ActiveCfg = Release|Any CPU
		{9D02C26E-F083-49C4-B7E1-AA19E1FC967A}.Release|Mixed Platforms.ActiveCfg = Release|x86
		{9D02C26E-F083-49C4-B7E1-AA19E1FC967A}.Release|Mixed Platforms.Build.0 = Release|x86
		{9D02C26E-F083-49C4-B7E1-AA19E1FC967A}.Release|Mixed Platforms.Deploy.0 = Release|x86
		{9D02C26E-F083-49C4-B7E1-AA19E1FC967A}.Release|x86.ActiveCfg = Release|x86
		{9D02C26E-F083-49C4-B7E1-AA19E1FC967A}.Release|x86.Build.0 = Release|x86
		{9D02C26E-F083-49C4-B7E1-AA19E1FC967A}.Release|x86.Deploy.0 = Release|x86
	EndGlobalSection
	GlobalSection(SolutionProperties) = preSolution
		HideSolutionNode = FALSE
	EndGlobalSection
	GlobalSection(ExtensibilityGlobals) = postSolution
		RESX_SortFileContentOnSave = False
	EndGlobalSection
EndGlobal
